{
  "name": "baselinegrid.scss",
  "version": "2.0.0",
  "lockfileVersion": 2,
  "requires": true,
  "packages": {
    "": {
      "name": "baselinegrid.scss",
      "version": "2.0.0",
      "license": "MIT",
      "dependencies": {
        "sanitize.css": "^12.0.1"
      }
    },
    "node_modules/sanitize.css": {
      "version": "12.0.1",
      "resolved": "https://registry.npmjs.org/sanitize.css/-/sanitize.css-12.0.1.tgz",
      "integrity": "sha512-QbusSBnWHaRBZeTxsJyknwI0q+q6m1NtLBmB76JfW/rdVN7Ws6Zz70w65+430/ouVcdNVT3qwrDgrM6PaYyRtw=="
    }
  },
  "dependencies": {
    "sanitize.css": {
      "version": "12.0.1",
      "resolved": "https://registry.npmjs.org/sanitize.css/-/sanitize.css-12.0.1.tgz",
      "integrity": "sha512-QbusSBnWHaRBZeTxsJyknwI0q+q6m1NtLBmB76JfW/rdVN7Ws6Zz70w65+430/ouVcdNVT3qwrDgrM6PaYyRtw=="
    }
  }
}
